
Microsoft Visual Studio Solution File, Format Version 12.00
# Visual Studio Version 17
VisualStudioVersion = 17.1.32210.238
MinimumVisualStudioVersion = 10.0.40219.1
Project("{FAE04EC0-301F-11D3-BF4B-00C04F79EFBC}") = "P4_Lab6_WPF", "P4_Lab6_WPF\P4_Lab6_WPF.csproj", "{8796C6ED-95A2-4566-BD2C-145AD3BD7FA7}"
EndProject
Global
	GlobalSection(SolutionConfigurationPlatforms) = preSolution
		Debug|Any CPU = Debug|Any CPU
		Release|Any CPU = Release|Any CPU
	EndGlobalSection
	GlobalSection(ProjectConfigurationPlatforms) = postSolution
		{8796C6ED-95A2-4566-BD2C-145AD3BD7FA7}.Debug|Any CPU.ActiveCfg = Debug|Any CPU
		{8796C6ED-95A2-4566-BD2C-145AD3BD7FA7}.Debug|Any CPU.Build.0 = Debug|Any CPU
		{8796C6ED-95A2-4566-BD2C-145AD3BD7FA7}.Release|Any CPU.ActiveCfg = Release|Any CPU
		{8796C6ED-95A2-4566-BD2C-145AD3BD7FA7}.Release|Any CPU.Build.0 = Release|Any CPU
	EndGlobalSection
	GlobalSection(SolutionProperties) = preSolution
		HideSolutionNode = FALSE
	EndGlobalSection
	GlobalSection(ExtensibilityGlobals) = postSolution
		SolutionGuid = {4EFE28EA-321C-47F7-8190-4A096631FB45}
	EndGlobalSection
EndGlobal
